schema: '2.0'
stages:
  gym_test:
    cmd: python3 src/gym_test.py
    deps:
    - path: src/agents/ddpg.py
      md5: d70c23bca4dc9b223d15ff3c5210127e
      size: 12593
    - path: src/gym_test.py
      md5: db5b4c6574f86fd0f00ebe4fd46da838
      size: 3228
    - path: src/utils/action_noise.py
      md5: 2dcad8ca3d471886a471755affe96256
      size: 2506
    - path: src/utils/anns.py
      md5: 6e4624d3a122b60eb477593739c98425
      size: 6712
    - path: src/utils/params.py
      md5: 366f78eefab4288274c844409ad5c3b6
      size: 853
    params:
      params.yaml:
        gym_test.actor_lr: 0.0002
        gym_test.batch_size: 64
        gym_test.bnorm: true
        gym_test.buffer_capacity: 40000.0
        gym_test.clip_gradients: false
        gym_test.critic_lr: 0.0006
        gym_test.environment: Pendulum-v1
        gym_test.eval_episodes: 30
        gym_test.learn_freq: 2
        gym_test.log_freq: 25
        gym_test.n_training_steps: 500000
        gym_test.performance_th: -180
        gym_test.save_models: true
        gym_test.sigma: 0.2
        gym_test.tau: 0.003
        gym_test.warm_up_steps: 1000
    outs:
    - path: evaluation/metrics_ddpg-Pendulum-v1.json
      md5: 290eb7a98d8f80fada50c55e05b01f34
      size: 114
    - path: models/actor_ddpg-Pendulum-v1.hdf5
      md5: 3ae8db710e6aea74222cf9ca80e55e64
      size: 97912
    - path: models/critic_ddpg-Pendulum-v1.hdf5
      md5: 77d62f0c338a2a7f9630eb954767e658
      size: 171848
  render:
    cmd: python3 src/render.py
    deps:
    - path: models/actor_ddpg-Pendulum-v1.hdf5
      md5: 3ae8db710e6aea74222cf9ca80e55e64
      size: 97912
    - path: models/critic_ddpg-Pendulum-v1.hdf5
      md5: 77d62f0c338a2a7f9630eb954767e658
      size: 171848
    - path: src/render.py
      md5: 5702a881d8147cb5b5ce7856589b8d66
      size: 1684
    - path: src/utils/visualization.py
      md5: deb5dd028b4e8b128215a2d7993f10df
      size: 965
    params:
      params.yaml:
        gym_test.bnorm: true
        gym_test.environment: Pendulum-v1
        render.episodes: 5
    outs:
    - path: evaluation/Pendulum-v1.gif
      md5: ba12db4620881f7098a63486b6781897
      size: 257633
  baseline:
    cmd: python3 src/baseline.py
    deps:
    - path: src/baseline.py
      md5: e54f22fdc54a92099638681baa6e9f41
      size: 2205
    - path: src/utils/action_noise.py
      md5: 2dcad8ca3d471886a471755affe96256
      size: 2506
    - path: src/utils/params.py
      md5: 366f78eefab4288274c844409ad5c3b6
      size: 853
    params:
      params.yaml:
        baseline.batch_size: 64
        baseline.buffer_capacity: 40000.0
        baseline.environment: Pendulum-v1
        baseline.eval_episodes: 30
        baseline.learn_freq: 2
        baseline.log_freq: 25
        baseline.lr: 0.0001
        baseline.n_training_steps: 500000
        baseline.save_models: true
        baseline.sigma: 0.2
        baseline.tau: 0.003
        baseline.warm_up_steps: 1000
    outs:
    - path: evaluation/metrics_ddpg-Pendulum-v1-baseline.json
      md5: 1d9d1208d5217d3014dc44ee1def9c0e
      size: 114
    - path: models/ddpg-Pendulum-v1-baseline.zip
      md5: 8aefc4aad7b3505c44718784addfe6c2
      size: 3954020
  render_baseline:
    cmd: python3 src/render_baseline.py
    deps:
    - path: models/ddpg-Pendulum-v1-baseline.zip
      md5: 8aefc4aad7b3505c44718784addfe6c2
      size: 3954020
    - path: src/render_baseline.py
      md5: 9a7cbd182fa1425e4324d4e5215df610
      size: 846
    - path: src/utils/evaluation.py
      md5: 2c8bc428231a9a1792e6cd6ac485fb85
      size: 2364
    - path: src/utils/visualization.py
      md5: deb5dd028b4e8b128215a2d7993f10df
      size: 965
    params:
      params.yaml:
        gym_test.bnorm: true
        gym_test.environment: Pendulum-v1
        render_baseline.episodes: 5
    outs:
    - path: evaluation/Pendulum-v1-baseline.gif
      md5: b82022f79a761f5bed40b352ae410ac5
      size: 404564
